<?xml version="1.0" encoding="utf-8"?>
<Project ToolsVersion="4.0" xmlns="http://schemas.microsoft.com/developer/msbuild/2003">
  <ItemGroup>
    <Filter Include="소스 파일">
      <UniqueIdentifier>{4FC737F1-C7A5-4376-A066-2A32D752A2FF}</UniqueIdentifier>
      <Extensions>cpp;c;cc;cxx;def;odl;idl;hpj;bat;asm;asmx</Extensions>
    </Filter>
    <Filter Include="헤더 파일">
      <UniqueIdentifier>{93995380-89BD-4b04-88EB-625FBE52EBFB}</UniqueIdentifier>
      <Extensions>h;hh;hpp;hxx;hm;inl;inc;xsd</Extensions>
    </Filter>
    <Filter Include="리소스 파일">
      <UniqueIdentifier>{67DA6AB6-F800-4c08-8B7A-83BB121AAD01}</UniqueIdentifier>
      <Extensions>rc;ico;cur;bmp;dlg;rc2;rct;bin;rgs;gif;jpg;jpeg;jpe;resx;tiff;tif;png;wav;mfcribbon-ms</Extensions>
    </Filter>
  </ItemGroup>
  <ItemGroup>
    <ClInclude Include="MemoForm.h">
      <Filter>헤더 파일</Filter>
    </ClInclude>
    <ClInclude Include="Text.h">
      <Filter>헤더 파일</Filter>
    </ClInclude>
    <ClInclude Include="SingleByteCharacter.h">
      <Filter>헤더 파일</Filter>
    </ClInclude>
    <ClInclude Include="DoubleByteCharacter.h">
      <Filter>헤더 파일</Filter>
    </ClInclude>
    <ClInclude Include="Character.h">
      <Filter>헤더 파일</Filter>
    </ClInclude>
    <ClInclude Include="Glyph.h">
      <Filter>헤더 파일</Filter>
    </ClInclude>
    <ClInclude Include="Composite.h">
      <Filter>헤더 파일</Filter>
    </ClInclude>
    <ClInclude Include="Array.h">
      <Filter>헤더 파일</Filter>
    </ClInclude>
    <ClInclude Include="Row.h">
      <Filter>헤더 파일</Filter>
    </ClInclude>
    <ClInclude Include="Paper.h">
      <Filter>헤더 파일</Filter>
    </ClInclude>
    <ClInclude Include="Visitor.h">
      <Filter>헤더 파일</Filter>
    </ClInclude>
    <ClInclude Include="Caret.h">
      <Filter>헤더 파일</Filter>
    </ClInclude>
    <ClInclude Include="GetString.h">
      <Filter>헤더 파일</Filter>
    </ClInclude>
    <ClInclude Include="SelectedText.h">
      <Filter>헤더 파일</Filter>
    </ClInclude>
    <ClInclude Include="Load.h">
      <Filter>헤더 파일</Filter>
    </ClInclude>
    <ClInclude Include="CopyToMemo.h">
      <Filter>헤더 파일</Filter>
    </ClInclude>
    <ClInclude Include="PaintVisitor.h">
      <Filter>헤더 파일</Filter>
    </ClInclude>
    <ClInclude Include="resource.h">
      <Filter>헤더 파일</Filter>
    </ClInclude>
    <ClInclude Include="Page.h">
      <Filter>헤더 파일</Filter>
    </ClInclude>
    <ClInclude Include="CStatusButton.h">
      <Filter>헤더 파일</Filter>
    </ClInclude>
    <ClInclude Include="MoveColumnByStringLength.h">
      <Filter>헤더 파일</Filter>
    </ClInclude>
    <ClInclude Include="ConnectedInfo.h">
      <Filter>헤더 파일</Filter>
    </ClInclude>
    <ClInclude Include="LineInfo.h">
      <Filter>헤더 파일</Filter>
    </ClInclude>
    <ClInclude Include="LineController.h">
      <Filter>헤더 파일</Filter>
    </ClInclude>
    <ClInclude Include="MoveConnectedText.h">
      <Filter>헤더 파일</Filter>
    </ClInclude>
    <ClInclude Include="CutString.h">
      <Filter>헤더 파일</Filter>
    </ClInclude>
    <ClInclude Include="FindCurrentByString.h">
      <Filter>헤더 파일</Filter>
    </ClInclude>
    <ClInclude Include="KeyBoard.h">
      <Filter>헤더 파일</Filter>
    </ClInclude>
    <ClInclude Include="KeyAction.h">
      <Filter>헤더 파일</Filter>
    </ClInclude>
    <ClInclude Include="LeftArrowKey.h">
      <Filter>헤더 파일</Filter>
    </ClInclude>
    <ClInclude Include="RightArrowKey.h">
      <Filter>헤더 파일</Filter>
    </ClInclude>
    <ClInclude Include="UpArrowKey.h">
      <Filter>헤더 파일</Filter>
    </ClInclude>
    <ClInclude Include="DownArrowKey.h">
      <Filter>헤더 파일</Filter>
    </ClInclude>
    <ClInclude Include="LineFeed.h">
      <Filter>헤더 파일</Filter>
    </ClInclude>
    <ClInclude Include="HomeKey.h">
      <Filter>헤더 파일</Filter>
    </ClInclude>
    <ClInclude Include="RowInfo.h">
      <Filter>헤더 파일</Filter>
    </ClInclude>
    <ClInclude Include="EndKey.h">
      <Filter>헤더 파일</Filter>
    </ClInclude>
    <ClInclude Include="CtrlFindKey.h">
      <Filter>헤더 파일</Filter>
    </ClInclude>
    <ClInclude Include="EnterKey.h">
      <Filter>헤더 파일</Filter>
    </ClInclude>
    <ClInclude Include="BackSpaceKey.h">
      <Filter>헤더 파일</Filter>
    </ClInclude>
    <ClInclude Include="DeleteKey.h">
      <Filter>헤더 파일</Filter>
    </ClInclude>
    <ClInclude Include="CtrlAllKey.h">
      <Filter>헤더 파일</Filter>
    </ClInclude>
    <ClInclude Include="CtrlCopyKey.h">
      <Filter>헤더 파일</Filter>
    </ClInclude>
    <ClInclude Include="CtrlZKey.h">
      <Filter>헤더 파일</Filter>
    </ClInclude>
    <ClInclude Include="CtrlXKey.h">
      <Filter>헤더 파일</Filter>
    </ClInclude>
    <ClInclude Include="CtrlVKey.h">
      <Filter>헤더 파일</Filter>
    </ClInclude>
    <ClInclude Include="CtrlChangeKey.h">
      <Filter>헤더 파일</Filter>
    </ClInclude>
    <ClInclude Include="CtrlLeftArrowKey.h">
      <Filter>헤더 파일</Filter>
    </ClInclude>
    <ClInclude Include="CtrlRightArrowKey.h">
      <Filter>헤더 파일</Filter>
    </ClInclude>
    <ClInclude Include="FindReplace.h">
      <Filter>헤더 파일</Filter>
    </ClInclude>
    <ClInclude Include="CtrlSaveKey.h">
      <Filter>헤더 파일</Filter>
    </ClInclude>
    <ClInclude Include="Save.h">
      <Filter>헤더 파일</Filter>
    </ClInclude>
    <ClInclude Include="Mouse.h">
      <Filter>헤더 파일</Filter>
    </ClInclude>
    <ClInclude Include="MouseLButton.h">
      <Filter>헤더 파일</Filter>
    </ClInclude>
    <ClInclude Include="WriteKorean.h">
      <Filter>헤더 파일</Filter>
    </ClInclude>
    <ClInclude Include="CtrlPrintKey.h">
      <Filter>헤더 파일</Filter>
    </ClInclude>
    <ClInclude Include="Menu.h">
      <Filter>헤더 파일</Filter>
    </ClInclude>
    <ClInclude Include="MenuAction.h">
      <Filter>헤더 파일</Filter>
    </ClInclude>
    <ClInclude Include="OpenMenu.h">
      <Filter>헤더 파일</Filter>
    </ClInclude>
    <ClInclude Include="SaveMenu.h">
      <Filter>헤더 파일</Filter>
    </ClInclude>
    <ClInclude Include="SaveAnotherPathMenu.h">
      <Filter>헤더 파일</Filter>
    </ClInclude>
    <ClInclude Include="SetPageMenu.h">
      <Filter>헤더 파일</Filter>
    </ClInclude>
    <ClInclude Include="PrintMenu.h">
      <Filter>헤더 파일</Filter>
    </ClInclude>
    <ClInclude Include="PrintPreviewMenu.h">
      <Filter>헤더 파일</Filter>
    </ClInclude>
    <ClInclude Include="ExitMenu.h">
      <Filter>헤더 파일</Filter>
    </ClInclude>
    <ClInclude Include="CopyMenu.h">
      <Filter>헤더 파일</Filter>
    </ClInclude>
    <ClInclude Include="AttachMenu.h">
      <Filter>헤더 파일</Filter>
    </ClInclude>
    <ClInclude Include="CutMenu.h">
      <Filter>헤더 파일</Filter>
    </ClInclude>
    <ClInclude Include="RecoveryMenu.h">
      <Filter>헤더 파일</Filter>
    </ClInclude>
    <ClInclude Include="FindMenu.h">
      <Filter>헤더 파일</Filter>
    </ClInclude>
    <ClInclude Include="SelectAllMenu.h">
      <Filter>헤더 파일</Filter>
    </ClInclude>
    <ClInclude Include="MoveNextPageMenu.h">
      <Filter>헤더 파일</Filter>
    </ClInclude>
    <ClInclude Include="MovePreviousPageMenu.h">
      <Filter>헤더 파일</Filter>
    </ClInclude>
    <ClInclude Include="DeletePageMenu.h">
      <Filter>헤더 파일</Filter>
    </ClInclude>
    <ClInclude Include="ChangeAutoLineMenu.h">
      <Filter>헤더 파일</Filter>
    </ClInclude>
    <ClInclude Include="FontMenu.h">
      <Filter>헤더 파일</Filter>
    </ClInclude>
    <ClInclude Include="StatusBarMenu.h">
      <Filter>헤더 파일</Filter>
    </ClInclude>
    <ClInclude Include="HelpViewMenu.h">
      <Filter>헤더 파일</Filter>
    </ClInclude>
    <ClInclude Include="InformationMenu.h">
      <Filter>헤더 파일</Filter>
    </ClInclude>
    <ClInclude Include="MakeNewPageMenu.h">
      <Filter>헤더 파일</Filter>
    </ClInclude>
    <ClInclude Include="MakeNewFileMenu.h">
      <Filter>헤더 파일</Filter>
    </ClInclude>
    <ClInclude Include="CancelRecoveryMenu.h">
      <Filter>헤더 파일</Filter>
    </ClInclude>
    <ClInclude Include="ChangeTextMenu.h">
      <Filter>헤더 파일</Filter>
    </ClInclude>
    <ClInclude Include="LoadFactory.h">
      <Filter>헤더 파일</Filter>
    </ClInclude>
    <ClInclude Include="PageStack.h">
      <Filter>헤더 파일</Filter>
    </ClInclude>
    <ClInclude Include="CtrlYKey.h">
      <Filter>헤더 파일</Filter>
    </ClInclude>
  </ItemGroup>
  <ItemGroup>
    <ClCompile Include="MemoForm.cpp">
      <Filter>소스 파일</Filter>
    </ClCompile>
    <ClCompile Include="Text.cpp">
      <Filter>소스 파일</Filter>
    </ClCompile>
    <ClCompile Include="SingleByteCharacter.cpp">
      <Filter>소스 파일</Filter>
    </ClCompile>
    <ClCompile Include="DoubleByteCharacter.cpp">
      <Filter>소스 파일</Filter>
    </ClCompile>
    <ClCompile Include="Character.cpp">
      <Filter>소스 파일</Filter>
    </ClCompile>
    <ClCompile Include="Glyph.cpp">
      <Filter>소스 파일</Filter>
    </ClCompile>
    <ClCompile Include="Composite.cpp">
      <Filter>소스 파일</Filter>
    </ClCompile>
    <ClCompile Include="Row.cpp">
      <Filter>소스 파일</Filter>
    </ClCompile>
    <ClCompile Include="Paper.cpp">
      <Filter>소스 파일</Filter>
    </ClCompile>
    <ClCompile Include="Visitor.cpp">
      <Filter>소스 파일</Filter>
    </ClCompile>
    <ClCompile Include="Caret.cpp">
      <Filter>소스 파일</Filter>
    </ClCompile>
    <ClCompile Include="GetString.cpp">
      <Filter>소스 파일</Filter>
    </ClCompile>
    <ClCompile Include="SelectedText.cpp">
      <Filter>소스 파일</Filter>
    </ClCompile>
    <ClCompile Include="Load.cpp">
      <Filter>소스 파일</Filter>
    </ClCompile>
    <ClCompile Include="CopyToMemo.cpp">
      <Filter>소스 파일</Filter>
    </ClCompile>
    <ClCompile Include="main.cpp">
      <Filter>소스 파일</Filter>
    </ClCompile>
    <ClCompile Include="PaintVisitor.cpp">
      <Filter>소스 파일</Filter>
    </ClCompile>
    <ClCompile Include="Page.cpp">
      <Filter>소스 파일</Filter>
    </ClCompile>
    <ClCompile Include="CStatusButton.cpp">
      <Filter>소스 파일</Filter>
    </ClCompile>
    <ClCompile Include="MoveColumnByStringLength.cpp">
      <Filter>소스 파일</Filter>
    </ClCompile>
    <ClCompile Include="ConnectedInfo.cpp">
      <Filter>소스 파일</Filter>
    </ClCompile>
    <ClCompile Include="LineInfo.cpp">
      <Filter>소스 파일</Filter>
    </ClCompile>
    <ClCompile Include="LineController.cpp">
      <Filter>소스 파일</Filter>
    </ClCompile>
    <ClCompile Include="MoveConnectedText.cpp">
      <Filter>소스 파일</Filter>
    </ClCompile>
    <ClCompile Include="CutString.cpp">
      <Filter>소스 파일</Filter>
    </ClCompile>
    <ClCompile Include="FindCurrentByString.cpp">
      <Filter>소스 파일</Filter>
    </ClCompile>
    <ClCompile Include="KeyBoard.cpp">
      <Filter>소스 파일</Filter>
    </ClCompile>
    <ClCompile Include="KeyAction.cpp">
      <Filter>소스 파일</Filter>
    </ClCompile>
    <ClCompile Include="LeftArrowKey.cpp">
      <Filter>소스 파일</Filter>
    </ClCompile>
    <ClCompile Include="RightArrowKey.cpp">
      <Filter>소스 파일</Filter>
    </ClCompile>
    <ClCompile Include="DownArrowKey.cpp">
      <Filter>소스 파일</Filter>
    </ClCompile>
    <ClCompile Include="UpArowKey.cpp">
      <Filter>소스 파일</Filter>
    </ClCompile>
    <ClCompile Include="LineFeed.cpp">
      <Filter>소스 파일</Filter>
    </ClCompile>
    <ClCompile Include="HomeKey.cpp">
      <Filter>소스 파일</Filter>
    </ClCompile>
    <ClCompile Include="RowInfo.cpp">
      <Filter>소스 파일</Filter>
    </ClCompile>
    <ClCompile Include="EndKey.cpp">
      <Filter>소스 파일</Filter>
    </ClCompile>
    <ClCompile Include="CtrlFindKey.cpp">
      <Filter>소스 파일</Filter>
    </ClCompile>
    <ClCompile Include="EnterKey.cpp">
      <Filter>소스 파일</Filter>
    </ClCompile>
    <ClCompile Include="BackSpaceKey.cpp">
      <Filter>소스 파일</Filter>
    </ClCompile>
    <ClCompile Include="DeleteKey.cpp">
      <Filter>소스 파일</Filter>
    </ClCompile>
    <ClCompile Include="CtrlAllKey.cpp">
      <Filter>소스 파일</Filter>
    </ClCompile>
    <ClCompile Include="CtrlZKey.cpp">
      <Filter>소스 파일</Filter>
    </ClCompile>
    <ClCompile Include="CtrlCopyKey.cpp">
      <Filter>소스 파일</Filter>
    </ClCompile>
    <ClCompile Include="CtrlXKey.cpp">
      <Filter>소스 파일</Filter>
    </ClCompile>
    <ClCompile Include="CtrlVKey.cpp">
      <Filter>소스 파일</Filter>
    </ClCompile>
    <ClCompile Include="CtrlChangeKey.cpp">
      <Filter>소스 파일</Filter>
    </ClCompile>
    <ClCompile Include="CtrlRightArrowKey.cpp">
      <Filter>소스 파일</Filter>
    </ClCompile>
    <ClCompile Include="CtrlLeftArrowKey.cpp">
      <Filter>소스 파일</Filter>
    </ClCompile>
    <ClCompile Include="FindReplace.cpp">
      <Filter>소스 파일</Filter>
    </ClCompile>
    <ClCompile Include="CtrlSaveKey.cpp">
      <Filter>소스 파일</Filter>
    </ClCompile>
    <ClCompile Include="Save.cpp">
      <Filter>소스 파일</Filter>
    </ClCompile>
    <ClCompile Include="Mouse.cpp">
      <Filter>소스 파일</Filter>
    </ClCompile>
    <ClCompile Include="MouseLButton.cpp">
      <Filter>소스 파일</Filter>
    </ClCompile>
    <ClCompile Include="WriteKorean.cpp">
      <Filter>소스 파일</Filter>
    </ClCompile>
    <ClCompile Include="CtrlPrintKey.cpp">
      <Filter>소스 파일</Filter>
    </ClCompile>
    <ClCompile Include="Menu.cpp">
      <Filter>소스 파일</Filter>
    </ClCompile>
    <ClCompile Include="MenuAction.cpp">
      <Filter>소스 파일</Filter>
    </ClCompile>
    <ClCompile Include="OpenMenu.cpp">
      <Filter>소스 파일</Filter>
    </ClCompile>
    <ClCompile Include="SaveMenu.cpp">
      <Filter>소스 파일</Filter>
    </ClCompile>
    <ClCompile Include="SaveAnotherPath.cpp">
      <Filter>소스 파일</Filter>
    </ClCompile>
    <ClCompile Include="SetPageMenu.cpp">
      <Filter>소스 파일</Filter>
    </ClCompile>
    <ClCompile Include="PrintMenu.cpp">
      <Filter>소스 파일</Filter>
    </ClCompile>
    <ClCompile Include="PrintPreviewMenu.cpp">
      <Filter>소스 파일</Filter>
    </ClCompile>
    <ClCompile Include="ExitMenu.cpp">
      <Filter>소스 파일</Filter>
    </ClCompile>
    <ClCompile Include="CopyMenu.cpp">
      <Filter>소스 파일</Filter>
    </ClCompile>
    <ClCompile Include="AttachMenu.cpp">
      <Filter>소스 파일</Filter>
    </ClCompile>
    <ClCompile Include="CutMenu.cpp">
      <Filter>소스 파일</Filter>
    </ClCompile>
    <ClCompile Include="RecoveryMenu.cpp">
      <Filter>소스 파일</Filter>
    </ClCompile>
    <ClCompile Include="FindMenu.cpp">
      <Filter>소스 파일</Filter>
    </ClCompile>
    <ClCompile Include="SelectAllMenu.cpp">
      <Filter>소스 파일</Filter>
    </ClCompile>
    <ClCompile Include="MakeNewPageMenu.cpp">
      <Filter>소스 파일</Filter>
    </ClCompile>
    <ClCompile Include="MakeNewFileMenu.cpp">
      <Filter>소스 파일</Filter>
    </ClCompile>
    <ClCompile Include="MoveNextPageMenu.cpp">
      <Filter>소스 파일</Filter>
    </ClCompile>
    <ClCompile Include="MovePreviousPageMenu.cpp">
      <Filter>소스 파일</Filter>
    </ClCompile>
    <ClCompile Include="DeletePageMenu.cpp">
      <Filter>소스 파일</Filter>
    </ClCompile>
    <ClCompile Include="FontMenu.cpp">
      <Filter>소스 파일</Filter>
    </ClCompile>
    <ClCompile Include="StatusBarMenu.cpp">
      <Filter>소스 파일</Filter>
    </ClCompile>
    <ClCompile Include="HelpViewMenu.cpp">
      <Filter>소스 파일</Filter>
    </ClCompile>
    <ClCompile Include="InformationMenu.cpp">
      <Filter>소스 파일</Filter>
    </ClCompile>
    <ClCompile Include="CancelRecoveryMenu.cpp">
      <Filter>소스 파일</Filter>
    </ClCompile>
    <ClCompile Include="ChangeTextMenu.cpp">
      <Filter>소스 파일</Filter>
    </ClCompile>
    <ClCompile Include="LoadFactory.cpp">
      <Filter>소스 파일</Filter>
    </ClCompile>
    <ClCompile Include="PageStack.cpp">
      <Filter>소스 파일</Filter>
    </ClCompile>
    <ClCompile Include="CtrlYKey.cpp">
      <Filter>소스 파일</Filter>
    </ClCompile>
  </ItemGroup>
  <ItemGroup>
    <ResourceCompile Include="Resource.rc">
      <Filter>리소스 파일</Filter>
    </ResourceCompile>
  </ItemGroup>
  <ItemGroup>
    <Image Include="Add.ico">
      <Filter>리소스 파일</Filter>
    </Image>
    <Image Include="Next.ico">
      <Filter>리소스 파일</Filter>
    </Image>
    <Image Include="Previous.ico">
      <Filter>리소스 파일</Filter>
    </Image>
    <Image Include="Trash.ico">
      <Filter>리소스 파일</Filter>
    </Image>
  </ItemGroup>
</Project>